// !$*UTF8*$!
{
	archiveVersion = 1;
	classes = {
	};
	objectVersion = 56;
	objects = {

/* Begin PBXBuildFile section */
		0FBEDAF49D94BAD320D060B1 /* Pods_FDJ_Excercice.framework in Frameworks */ = {isa = PBXBuildFile; fileRef = 10BAA6C3C4AB27F8CD39D2B4 /* Pods_FDJ_Excercice.framework */; };
		1C1F85D1DB823EE3657CD95E /* Pods_FDJ_ExcerciceTests.framework in Frameworks */ = {isa = PBXBuildFile; fileRef = B2620450DCD3A7D621E804C8 /* Pods_FDJ_ExcerciceTests.framework */; };
		3B03EADE2A0E8E080082FC5E /* Localizable.strings in Resources */ = {isa = PBXBuildFile; fileRef = 3B03EAE12A0E8E080082FC5E /* Localizable.strings */; };
		3B03EADF2A0E8E080082FC5E /* Localizable.strings in Resources */ = {isa = PBXBuildFile; fileRef = 3B03EAE12A0E8E080082FC5E /* Localizable.strings */; };
		3B03EAE42A0E8EE70082FC5E /* Strings+Generated.swift in Sources */ = {isa = PBXBuildFile; fileRef = 3B03EAE32A0E8EE70082FC5E /* Strings+Generated.swift */; };
		3B03EAE52A0E8EE70082FC5E /* Strings+Generated.swift in Sources */ = {isa = PBXBuildFile; fileRef = 3B03EAE32A0E8EE70082FC5E /* Strings+Generated.swift */; };
		3B745A662A0E3CCC00D4C61C /* FDJ_ExcerciceApp.swift in Sources */ = {isa = PBXBuildFile; fileRef = 3B745A652A0E3CCC00D4C61C /* FDJ_ExcerciceApp.swift */; };
		3B745A6A2A0E3CCE00D4C61C /* Assets.xcassets in Resources */ = {isa = PBXBuildFile; fileRef = 3B745A692A0E3CCE00D4C61C /* Assets.xcassets */; };
		3B745A6E2A0E3CCE00D4C61C /* Preview Assets.xcassets in Resources */ = {isa = PBXBuildFile; fileRef = 3B745A6D2A0E3CCE00D4C61C /* Preview Assets.xcassets */; };
		3B745A782A0E3CCE00D4C61C /* FDJ_ExcerciceTests.swift in Sources */ = {isa = PBXBuildFile; fileRef = 3B745A772A0E3CCE00D4C61C /* FDJ_ExcerciceTests.swift */; };
		3B745A822A0E3CCE00D4C61C /* FDJ_ExcerciceUITests.swift in Sources */ = {isa = PBXBuildFile; fileRef = 3B745A812A0E3CCE00D4C61C /* FDJ_ExcerciceUITests.swift */; };
		3B745A842A0E3CCE00D4C61C /* FDJ_ExcerciceUITestsLaunchTests.swift in Sources */ = {isa = PBXBuildFile; fileRef = 3B745A832A0E3CCE00D4C61C /* FDJ_ExcerciceUITestsLaunchTests.swift */; };
		3B745A932A0E411300D4C61C /* SelectorView.swift in Sources */ = {isa = PBXBuildFile; fileRef = 3B745A922A0E411300D4C61C /* SelectorView.swift */; };
		3B745A9A2A0E433500D4C61C /* AppNetwork.swift in Sources */ = {isa = PBXBuildFile; fileRef = 3B745A992A0E433500D4C61C /* AppNetwork.swift */; };
		3B745A9B2A0E433500D4C61C /* AppNetwork.swift in Sources */ = {isa = PBXBuildFile; fileRef = 3B745A992A0E433500D4C61C /* AppNetwork.swift */; };
		3B745A9D2A0E435F00D4C61C /* LeagueRepository.swift in Sources */ = {isa = PBXBuildFile; fileRef = 3B745A9C2A0E435F00D4C61C /* LeagueRepository.swift */; };
		3B745A9E2A0E435F00D4C61C /* LeagueRepository.swift in Sources */ = {isa = PBXBuildFile; fileRef = 3B745A9C2A0E435F00D4C61C /* LeagueRepository.swift */; };
		3B745AA02A0E437100D4C61C /* TeamRepository.swift in Sources */ = {isa = PBXBuildFile; fileRef = 3B745A9F2A0E437100D4C61C /* TeamRepository.swift */; };
		3B745AA12A0E437100D4C61C /* TeamRepository.swift in Sources */ = {isa = PBXBuildFile; fileRef = 3B745A9F2A0E437100D4C61C /* TeamRepository.swift */; };
		3B745AA32A0E43D600D4C61C /* SelectorViewModel.swift in Sources */ = {isa = PBXBuildFile; fileRef = 3B745AA22A0E43D600D4C61C /* SelectorViewModel.swift */; };
		3B745AA42A0E43D600D4C61C /* SelectorViewModel.swift in Sources */ = {isa = PBXBuildFile; fileRef = 3B745AA22A0E43D600D4C61C /* SelectorViewModel.swift */; };
		3B745AAB2A0E45B100D4C61C /* LeagueModel.swift in Sources */ = {isa = PBXBuildFile; fileRef = 3B745AAA2A0E45B100D4C61C /* LeagueModel.swift */; };
		3B745AAC2A0E45B100D4C61C /* LeagueModel.swift in Sources */ = {isa = PBXBuildFile; fileRef = 3B745AAA2A0E45B100D4C61C /* LeagueModel.swift */; };
		3B745AAE2A0E45B800D4C61C /* TeamModel.swift in Sources */ = {isa = PBXBuildFile; fileRef = 3B745AAD2A0E45B800D4C61C /* TeamModel.swift */; };
		3B745AAF2A0E45B800D4C61C /* TeamModel.swift in Sources */ = {isa = PBXBuildFile; fileRef = 3B745AAD2A0E45B800D4C61C /* TeamModel.swift */; };
		3B745AB12A0E460C00D4C61C /* NetworkEnum.swift in Sources */ = {isa = PBXBuildFile; fileRef = 3B745AB02A0E460C00D4C61C /* NetworkEnum.swift */; };
		3B745AB22A0E460C00D4C61C /* NetworkEnum.swift in Sources */ = {isa = PBXBuildFile; fileRef = 3B745AB02A0E460C00D4C61C /* NetworkEnum.swift */; };
		3B745AB42A0E463E00D4C61C /* RequestInfo.swift in Sources */ = {isa = PBXBuildFile; fileRef = 3B745AB32A0E463E00D4C61C /* RequestInfo.swift */; };
		3B745AB52A0E463E00D4C61C /* RequestInfo.swift in Sources */ = {isa = PBXBuildFile; fileRef = 3B745AB32A0E463E00D4C61C /* RequestInfo.swift */; };
		3B745AC42A0E86D600D4C61C /* Strings+Extension.swift in Sources */ = {isa = PBXBuildFile; fileRef = 3B745AC32A0E86D600D4C61C /* Strings+Extension.swift */; };
		3B745AC52A0E86D600D4C61C /* Strings+Extension.swift in Sources */ = {isa = PBXBuildFile; fileRef = 3B745AC32A0E86D600D4C61C /* Strings+Extension.swift */; };
		3FB97F6D4889EBD519FFCB09 /* Pods_FDJ_Excercice_FDJ_ExcerciceUITests.framework in Frameworks */ = {isa = PBXBuildFile; fileRef = 1F37E73815F5699826399AF1 /* Pods_FDJ_Excercice_FDJ_ExcerciceUITests.framework */; };
/* End PBXBuildFile section */

/* Begin PBXContainerItemProxy section */
		3B745A742A0E3CCE00D4C61C /* PBXContainerItemProxy */ = {
			isa = PBXContainerItemProxy;
			containerPortal = 3B745A5A2A0E3CCC00D4C61C /* Project object */;
			proxyType = 1;
			remoteGlobalIDString = 3B745A612A0E3CCC00D4C61C;
			remoteInfo = "FDJ-Excercice";
		};
		3B745A7E2A0E3CCE00D4C61C /* PBXContainerItemProxy */ = {
			isa = PBXContainerItemProxy;
			containerPortal = 3B745A5A2A0E3CCC00D4C61C /* Project object */;
			proxyType = 1;
			remoteGlobalIDString = 3B745A612A0E3CCC00D4C61C;
			remoteInfo = "FDJ-Excercice";
		};
/* End PBXContainerItemProxy section */

/* Begin PBXFileReference section */
		05645261DCC5B8D5CDAB8298 /* Pods-FDJ-Excercice.debug.xcconfig */ = {isa = PBXFileReference; includeInIndex = 1; lastKnownFileType = text.xcconfig; name = "Pods-FDJ-Excercice.debug.xcconfig"; path = "Target Support Files/Pods-FDJ-Excercice/Pods-FDJ-Excercice.debug.xcconfig"; sourceTree = "<group>"; };
		10BAA6C3C4AB27F8CD39D2B4 /* Pods_FDJ_Excercice.framework */ = {isa = PBXFileReference; explicitFileType = wrapper.framework; includeInIndex = 0; path = Pods_FDJ_Excercice.framework; sourceTree = BUILT_PRODUCTS_DIR; };
		1F37E73815F5699826399AF1 /* Pods_FDJ_Excercice_FDJ_ExcerciceUITests.framework */ = {isa = PBXFileReference; explicitFileType = wrapper.framework; includeInIndex = 0; path = Pods_FDJ_Excercice_FDJ_ExcerciceUITests.framework; sourceTree = BUILT_PRODUCTS_DIR; };
		3B03EAE02A0E8E080082FC5E /* en */ = {isa = PBXFileReference; lastKnownFileType = text.plist.strings; name = en; path = en.lproj/Localizable.strings; sourceTree = "<group>"; };
		3B03EAE32A0E8EE70082FC5E /* Strings+Generated.swift */ = {isa = PBXFileReference; fileEncoding = 4; lastKnownFileType = sourcecode.swift; path = "Strings+Generated.swift"; sourceTree = "<group>"; };
		3B745A622A0E3CCC00D4C61C /* FDJ-Excercice.app */ = {isa = PBXFileReference; explicitFileType = wrapper.application; includeInIndex = 0; path = "FDJ-Excercice.app"; sourceTree = BUILT_PRODUCTS_DIR; };
		3B745A652A0E3CCC00D4C61C /* FDJ_ExcerciceApp.swift */ = {isa = PBXFileReference; lastKnownFileType = sourcecode.swift; path = FDJ_ExcerciceApp.swift; sourceTree = "<group>"; };
		3B745A692A0E3CCE00D4C61C /* Assets.xcassets */ = {isa = PBXFileReference; lastKnownFileType = folder.assetcatalog; path = Assets.xcassets; sourceTree = "<group>"; };
		3B745A6B2A0E3CCE00D4C61C /* FDJ_Excercice.entitlements */ = {isa = PBXFileReference; lastKnownFileType = text.plist.entitlements; path = FDJ_Excercice.entitlements; sourceTree = "<group>"; };
		3B745A6D2A0E3CCE00D4C61C /* Preview Assets.xcassets */ = {isa = PBXFileReference; lastKnownFileType = folder.assetcatalog; path = "Preview Assets.xcassets"; sourceTree = "<group>"; };
		3B745A732A0E3CCE00D4C61C /* FDJ-ExcerciceTests.xctest */ = {isa = PBXFileReference; explicitFileType = wrapper.cfbundle; includeInIndex = 0; path = "FDJ-ExcerciceTests.xctest"; sourceTree = BUILT_PRODUCTS_DIR; };
		3B745A772A0E3CCE00D4C61C /* FDJ_ExcerciceTests.swift */ = {isa = PBXFileReference; lastKnownFileType = sourcecode.swift; path = FDJ_ExcerciceTests.swift; sourceTree = "<group>"; };
		3B745A7D2A0E3CCE00D4C61C /* FDJ-ExcerciceUITests.xctest */ = {isa = PBXFileReference; explicitFileType = wrapper.cfbundle; includeInIndex = 0; path = "FDJ-ExcerciceUITests.xctest"; sourceTree = BUILT_PRODUCTS_DIR; };
		3B745A812A0E3CCE00D4C61C /* FDJ_ExcerciceUITests.swift */ = {isa = PBXFileReference; lastKnownFileType = sourcecode.swift; path = FDJ_ExcerciceUITests.swift; sourceTree = "<group>"; };
		3B745A832A0E3CCE00D4C61C /* FDJ_ExcerciceUITestsLaunchTests.swift */ = {isa = PBXFileReference; lastKnownFileType = sourcecode.swift; path = FDJ_ExcerciceUITestsLaunchTests.swift; sourceTree = "<group>"; };
		3B745A922A0E411300D4C61C /* SelectorView.swift */ = {isa = PBXFileReference; lastKnownFileType = sourcecode.swift; path = SelectorView.swift; sourceTree = "<group>"; };
		3B745A992A0E433500D4C61C /* AppNetwork.swift */ = {isa = PBXFileReference; lastKnownFileType = sourcecode.swift; path = AppNetwork.swift; sourceTree = "<group>"; };
		3B745A9C2A0E435F00D4C61C /* LeagueRepository.swift */ = {isa = PBXFileReference; lastKnownFileType = sourcecode.swift; path = LeagueRepository.swift; sourceTree = "<group>"; };
		3B745A9F2A0E437100D4C61C /* TeamRepository.swift */ = {isa = PBXFileReference; lastKnownFileType = sourcecode.swift; path = TeamRepository.swift; sourceTree = "<group>"; };
		3B745AA22A0E43D600D4C61C /* SelectorViewModel.swift */ = {isa = PBXFileReference; lastKnownFileType = sourcecode.swift; path = SelectorViewModel.swift; sourceTree = "<group>"; };
		3B745AAA2A0E45B100D4C61C /* LeagueModel.swift */ = {isa = PBXFileReference; lastKnownFileType = sourcecode.swift; path = LeagueModel.swift; sourceTree = "<group>"; };
		3B745AAD2A0E45B800D4C61C /* TeamModel.swift */ = {isa = PBXFileReference; lastKnownFileType = sourcecode.swift; path = TeamModel.swift; sourceTree = "<group>"; };
		3B745AB02A0E460C00D4C61C /* NetworkEnum.swift */ = {isa = PBXFileReference; lastKnownFileType = sourcecode.swift; path = NetworkEnum.swift; sourceTree = "<group>"; };
		3B745AB32A0E463E00D4C61C /* RequestInfo.swift */ = {isa = PBXFileReference; lastKnownFileType = sourcecode.swift; path = RequestInfo.swift; sourceTree = "<group>"; };
		3B745AC32A0E86D600D4C61C /* Strings+Extension.swift */ = {isa = PBXFileReference; lastKnownFileType = sourcecode.swift; path = "Strings+Extension.swift"; sourceTree = "<group>"; };
		8E2BB398BCC9D0769A24AC0B /* Pods-FDJ-Excercice.release.xcconfig */ = {isa = PBXFileReference; includeInIndex = 1; lastKnownFileType = text.xcconfig; name = "Pods-FDJ-Excercice.release.xcconfig"; path = "Target Support Files/Pods-FDJ-Excercice/Pods-FDJ-Excercice.release.xcconfig"; sourceTree = "<group>"; };
		A9102A0834ABCF0B792E4999 /* Pods-FDJ-Excercice-FDJ-ExcerciceUITests.debug.xcconfig */ = {isa = PBXFileReference; includeInIndex = 1; lastKnownFileType = text.xcconfig; name = "Pods-FDJ-Excercice-FDJ-ExcerciceUITests.debug.xcconfig"; path = "Target Support Files/Pods-FDJ-Excercice-FDJ-ExcerciceUITests/Pods-FDJ-Excercice-FDJ-ExcerciceUITests.debug.xcconfig"; sourceTree = "<group>"; };
		B2620450DCD3A7D621E804C8 /* Pods_FDJ_ExcerciceTests.framework */ = {isa = PBXFileReference; explicitFileType = wrapper.framework; includeInIndex = 0; path = Pods_FDJ_ExcerciceTests.framework; sourceTree = BUILT_PRODUCTS_DIR; };
		DEEF60417ECA6128EC5BF268 /* Pods-FDJ-ExcerciceTests.release.xcconfig */ = {isa = PBXFileReference; includeInIndex = 1; lastKnownFileType = text.xcconfig; name = "Pods-FDJ-ExcerciceTests.release.xcconfig"; path = "Target Support Files/Pods-FDJ-ExcerciceTests/Pods-FDJ-ExcerciceTests.release.xcconfig"; sourceTree = "<group>"; };
		EA9C2E65DAACEC044A67D8C3 /* Pods-FDJ-ExcerciceTests.debug.xcconfig */ = {isa = PBXFileReference; includeInIndex = 1; lastKnownFileType = text.xcconfig; name = "Pods-FDJ-ExcerciceTests.debug.xcconfig"; path = "Target Support Files/Pods-FDJ-ExcerciceTests/Pods-FDJ-ExcerciceTests.debug.xcconfig"; sourceTree = "<group>"; };
		FAE2EFB9B9C26C687498C895 /* Pods-FDJ-Excercice-FDJ-ExcerciceUITests.release.xcconfig */ = {isa = PBXFileReference; includeInIndex = 1; lastKnownFileType = text.xcconfig; name = "Pods-FDJ-Excercice-FDJ-ExcerciceUITests.release.xcconfig"; path = "Target Support Files/Pods-FDJ-Excercice-FDJ-ExcerciceUITests/Pods-FDJ-Excercice-FDJ-ExcerciceUITests.release.xcconfig"; sourceTree = "<group>"; };
/* End PBXFileReference section */

/* Begin PBXFrameworksBuildPhase section */
		3B745A5F2A0E3CCC00D4C61C /* Frameworks */ = {
			isa = PBXFrameworksBuildPhase;
			buildActionMask = 2147483647;
			files = (
				0FBEDAF49D94BAD320D060B1 /* Pods_FDJ_Excercice.framework in Frameworks */,
			);
			runOnlyForDeploymentPostprocessing = 0;
		};
		3B745A702A0E3CCE00D4C61C /* Frameworks */ = {
			isa = PBXFrameworksBuildPhase;
			buildActionMask = 2147483647;
			files = (
				1C1F85D1DB823EE3657CD95E /* Pods_FDJ_ExcerciceTests.framework in Frameworks */,
			);
			runOnlyForDeploymentPostprocessing = 0;
		};
		3B745A7A2A0E3CCE00D4C61C /* Frameworks */ = {
			isa = PBXFrameworksBuildPhase;
			buildActionMask = 2147483647;
			files = (
				3FB97F6D4889EBD519FFCB09 /* Pods_FDJ_Excercice_FDJ_ExcerciceUITests.framework in Frameworks */,
			);
			runOnlyForDeploymentPostprocessing = 0;
		};
/* End PBXFrameworksBuildPhase section */

/* Begin PBXGroup section */
		3B03EAE22A0E8EE70082FC5E /* SwiftGen */ = {
			isa = PBXGroup;
			children = (
				3B03EAE32A0E8EE70082FC5E /* Strings+Generated.swift */,
			);
			path = SwiftGen;
			sourceTree = "<group>";
		};
		3B03EAE62A0E91090082FC5E /* Configuration */ = {
			isa = PBXGroup;
			children = (
				3B745A6B2A0E3CCE00D4C61C /* FDJ_Excercice.entitlements */,
				3B745A652A0E3CCC00D4C61C /* FDJ_ExcerciceApp.swift */,
				3B03EAE12A0E8E080082FC5E /* Localizable.strings */,
				3B745A6C2A0E3CCE00D4C61C /* Preview Content */,
				3B03EAE22A0E8EE70082FC5E /* SwiftGen */,
			);
			path = Configuration;
			sourceTree = "<group>";
		};
		3B03EAE72A0EA6480082FC5E /* Repository */ = {
			isa = PBXGroup;
			children = (
				3B745A9C2A0E435F00D4C61C /* LeagueRepository.swift */,
				3B745A9F2A0E437100D4C61C /* TeamRepository.swift */,
			);
			path = Repository;
			sourceTree = "<group>";
		};
		3B745A592A0E3CCC00D4C61C = {
			isa = PBXGroup;
			children = (
				3B745A642A0E3CCC00D4C61C /* FDJ-Excercice */,
				3B745A762A0E3CCE00D4C61C /* FDJ-ExcerciceTests */,
				3B745A802A0E3CCE00D4C61C /* FDJ-ExcerciceUITests */,
				3B745A632A0E3CCC00D4C61C /* Products */,
				878923FC1935E256E0A876E7 /* Pods */,
				940A5695E8FE842739D84B39 /* Frameworks */,
			);
			sourceTree = "<group>";
		};
		3B745A632A0E3CCC00D4C61C /* Products */ = {
			isa = PBXGroup;
			children = (
				3B745A622A0E3CCC00D4C61C /* FDJ-Excercice.app */,
				3B745A732A0E3CCE00D4C61C /* FDJ-ExcerciceTests.xctest */,
				3B745A7D2A0E3CCE00D4C61C /* FDJ-ExcerciceUITests.xctest */,
			);
			name = Products;
			sourceTree = "<group>";
		};
		3B745A642A0E3CCC00D4C61C /* FDJ-Excercice */ = {
			isa = PBXGroup;
			children = (
				3B745A692A0E3CCE00D4C61C /* Assets.xcassets */,
				3B03EAE62A0E91090082FC5E /* Configuration */,
				3B745AA82A0E457300D4C61C /* Data */,
				3B745A902A0E40C400D4C61C /* LigueSelector */,
				3B745AC22A0E86BC00D4C61C /* Tools */,
			);
			path = "FDJ-Excercice";
			sourceTree = "<group>";
		};
		3B745A6C2A0E3CCE00D4C61C /* Preview Content */ = {
			isa = PBXGroup;
			children = (
				3B745A6D2A0E3CCE00D4C61C /* Preview Assets.xcassets */,
			);
			path = "Preview Content";
			sourceTree = "<group>";
		};
		3B745A762A0E3CCE00D4C61C /* FDJ-ExcerciceTests */ = {
			isa = PBXGroup;
			children = (
				3B745A772A0E3CCE00D4C61C /* FDJ_ExcerciceTests.swift */,
			);
			path = "FDJ-ExcerciceTests";
			sourceTree = "<group>";
		};
		3B745A802A0E3CCE00D4C61C /* FDJ-ExcerciceUITests */ = {
			isa = PBXGroup;
			children = (
				3B745A812A0E3CCE00D4C61C /* FDJ_ExcerciceUITests.swift */,
				3B745A832A0E3CCE00D4C61C /* FDJ_ExcerciceUITestsLaunchTests.swift */,
			);
			path = "FDJ-ExcerciceUITests";
			sourceTree = "<group>";
		};
		3B745A902A0E40C400D4C61C /* LigueSelector */ = {
			isa = PBXGroup;
			children = (
				3B745A922A0E411300D4C61C /* SelectorView.swift */,
				3B745AA22A0E43D600D4C61C /* SelectorViewModel.swift */,
			);
			path = LigueSelector;
			sourceTree = "<group>";
		};
		3B745A982A0E42D200D4C61C /* Network */ = {
			isa = PBXGroup;
			children = (
				3B745AB02A0E460C00D4C61C /* NetworkEnum.swift */,
				3B745A992A0E433500D4C61C /* AppNetwork.swift */,
				3B745AB32A0E463E00D4C61C /* RequestInfo.swift */,
			);
			path = Network;
			sourceTree = "<group>";
		};
		3B745AA82A0E457300D4C61C /* Data */ = {
			isa = PBXGroup;
			children = (
				3B745AA92A0E45A300D4C61C /* Model */,
				3B745A982A0E42D200D4C61C /* Network */,
				3B03EAE72A0EA6480082FC5E /* Repository */,
			);
			path = Data;
			sourceTree = "<group>";
		};
		3B745AA92A0E45A300D4C61C /* Model */ = {
			isa = PBXGroup;
			children = (
				3B745AAA2A0E45B100D4C61C /* LeagueModel.swift */,
				3B745AAD2A0E45B800D4C61C /* TeamModel.swift */,
			);
			path = Model;
			sourceTree = "<group>";
		};
		3B745AC22A0E86BC00D4C61C /* Tools */ = {
			isa = PBXGroup;
			children = (
				3B745AC32A0E86D600D4C61C /* Strings+Extension.swift */,
			);
			path = Tools;
			sourceTree = "<group>";
		};
		878923FC1935E256E0A876E7 /* Pods */ = {
			isa = PBXGroup;
			children = (
				05645261DCC5B8D5CDAB8298 /* Pods-FDJ-Excercice.debug.xcconfig */,
				8E2BB398BCC9D0769A24AC0B /* Pods-FDJ-Excercice.release.xcconfig */,
				A9102A0834ABCF0B792E4999 /* Pods-FDJ-Excercice-FDJ-ExcerciceUITests.debug.xcconfig */,
				FAE2EFB9B9C26C687498C895 /* Pods-FDJ-Excercice-FDJ-ExcerciceUITests.release.xcconfig */,
				EA9C2E65DAACEC044A67D8C3 /* Pods-FDJ-ExcerciceTests.debug.xcconfig */,
				DEEF60417ECA6128EC5BF268 /* Pods-FDJ-ExcerciceTests.release.xcconfig */,
			);
			path = Pods;
			sourceTree = "<group>";
		};
		940A5695E8FE842739D84B39 /* Frameworks */ = {
			isa = PBXGroup;
			children = (
				10BAA6C3C4AB27F8CD39D2B4 /* Pods_FDJ_Excercice.framework */,
				1F37E73815F5699826399AF1 /* Pods_FDJ_Excercice_FDJ_ExcerciceUITests.framework */,
				B2620450DCD3A7D621E804C8 /* Pods_FDJ_ExcerciceTests.framework */,
			);
			name = Frameworks;
			sourceTree = "<group>";
		};
/* End PBXGroup section */

/* Begin PBXNativeTarget section */
		3B745A612A0E3CCC00D4C61C /* FDJ-Excercice */ = {
			isa = PBXNativeTarget;
			buildConfigurationList = 3B745A872A0E3CCE00D4C61C /* Build configuration list for PBXNativeTarget "FDJ-Excercice" */;
			buildPhases = (
				AC7856AEDD705D8495F661A2 /* [CP] Check Pods Manifest.lock */,
				3B745A5E2A0E3CCC00D4C61C /* Sources */,
				3B745A5F2A0E3CCC00D4C61C /* Frameworks */,
				3B745A602A0E3CCC00D4C61C /* Resources */,
				1CCCDE6C0775C693972F8724 /* [CP] Embed Pods Frameworks */,
				3B03EADD2A0E894A0082FC5E /* Run SwiftGen */,
			);
			buildRules = (
			);
			dependencies = (
			);
			name = "FDJ-Excercice";
			productName = "FDJ-Excercice";
			productReference = 3B745A622A0E3CCC00D4C61C /* FDJ-Excercice.app */;
			productType = "com.apple.product-type.application";
		};
		3B745A722A0E3CCE00D4C61C /* FDJ-ExcerciceTests */ = {
			isa = PBXNativeTarget;
			buildConfigurationList = 3B745A8A2A0E3CCE00D4C61C /* Build configuration list for PBXNativeTarget "FDJ-ExcerciceTests" */;
			buildPhases = (
				1A8DA37F2FC1576097E47F19 /* [CP] Check Pods Manifest.lock */,
				3B745A6F2A0E3CCE00D4C61C /* Sources */,
				3B745A702A0E3CCE00D4C61C /* Frameworks */,
				3B745A712A0E3CCE00D4C61C /* Resources */,
			);
			buildRules = (
			);
			dependencies = (
				3B745A752A0E3CCE00D4C61C /* PBXTargetDependency */,
			);
			name = "FDJ-ExcerciceTests";
			productName = "FDJ-ExcerciceTests";
			productReference = 3B745A732A0E3CCE00D4C61C /* FDJ-ExcerciceTests.xctest */;
			productType = "com.apple.product-type.bundle.unit-test";
		};
		3B745A7C2A0E3CCE00D4C61C /* FDJ-ExcerciceUITests */ = {
			isa = PBXNativeTarget;
			buildConfigurationList = 3B745A8D2A0E3CCE00D4C61C /* Build configuration list for PBXNativeTarget "FDJ-ExcerciceUITests" */;
			buildPhases = (
				C7332273B3C99BC087E91C0C /* [CP] Check Pods Manifest.lock */,
				3B745A792A0E3CCE00D4C61C /* Sources */,
				3B745A7A2A0E3CCE00D4C61C /* Frameworks */,
				3B745A7B2A0E3CCE00D4C61C /* Resources */,
				B46A934D9B10186F343994B2 /* [CP] Embed Pods Frameworks */,
			);
			buildRules = (
			);
			dependencies = (
				3B745A7F2A0E3CCE00D4C61C /* PBXTargetDependency */,
			);
			name = "FDJ-ExcerciceUITests";
			productName = "FDJ-ExcerciceUITests";
			productReference = 3B745A7D2A0E3CCE00D4C61C /* FDJ-ExcerciceUITests.xctest */;
			productType = "com.apple.product-type.bundle.ui-testing";
		};
/* End PBXNativeTarget section */

/* Begin PBXProject section */
		3B745A5A2A0E3CCC00D4C61C /* Project object */ = {
			isa = PBXProject;
			attributes = {
				BuildIndependentTargetsInParallel = 1;
				LastSwiftUpdateCheck = 1420;
				LastUpgradeCheck = 1420;
				TargetAttributes = {
					3B745A612A0E3CCC00D4C61C = {
						CreatedOnToolsVersion = 14.2;
					};
					3B745A722A0E3CCE00D4C61C = {
						CreatedOnToolsVersion = 14.2;
						TestTargetID = 3B745A612A0E3CCC00D4C61C;
					};
					3B745A7C2A0E3CCE00D4C61C = {
						CreatedOnToolsVersion = 14.2;
						TestTargetID = 3B745A612A0E3CCC00D4C61C;
					};
				};
			};
			buildConfigurationList = 3B745A5D2A0E3CCC00D4C61C /* Build configuration list for PBXProject "FDJ-Excercice" */;
			compatibilityVersion = "Xcode 14.0";
			developmentRegion = en;
			hasScannedForEncodings = 0;
			knownRegions = (
				en,
			);
			mainGroup = 3B745A592A0E3CCC00D4C61C;
			productRefGroup = 3B745A632A0E3CCC00D4C61C /* Products */;
			projectDirPath = "";
			projectRoot = "";
			targets = (
				3B745A612A0E3CCC00D4C61C /* FDJ-Excercice */,
				3B745A722A0E3CCE00D4C61C /* FDJ-ExcerciceTests */,
				3B745A7C2A0E3CCE00D4C61C /* FDJ-ExcerciceUITests */,
			);
		};
/* End PBXProject section */

/* Begin PBXResourcesBuildPhase section */
		3B745A602A0E3CCC00D4C61C /* Resources */ = {
			isa = PBXResourcesBuildPhase;
			buildActionMask = 2147483647;
			files = (
				3B745A6E2A0E3CCE00D4C61C /* Preview Assets.xcassets in Resources */,
				3B03EADE2A0E8E080082FC5E /* Localizable.strings in Resources */,
				3B745A6A2A0E3CCE00D4C61C /* Assets.xcassets in Resources */,
			);
			runOnlyForDeploymentPostprocessing = 0;
		};
		3B745A712A0E3CCE00D4C61C /* Resources */ = {
			isa = PBXResourcesBuildPhase;
			buildActionMask = 2147483647;
			files = (
				3B03EADF2A0E8E080082FC5E /* Localizable.strings in Resources */,
			);
			runOnlyForDeploymentPostprocessing = 0;
		};
		3B745A7B2A0E3CCE00D4C61C /* Resources */ = {
			isa = PBXResourcesBuildPhase;
			buildActionMask = 2147483647;
			files = (
			);
			runOnlyForDeploymentPostprocessing = 0;
		};
/* End PBXResourcesBuildPhase section */

/* Begin PBXShellScriptBuildPhase section */
		1A8DA37F2FC1576097E47F19 /* [CP] Check Pods Manifest.lock */ = {
			isa = PBXShellScriptBuildPhase;
			buildActionMask = 2147483647;
			files = (
			);
			inputFileListPaths = (
			);
			inputPaths = (
				"${PODS_PODFILE_DIR_PATH}/Podfile.lock",
				"${PODS_ROOT}/Manifest.lock",
			);
			name = "[CP] Check Pods Manifest.lock";
			outputFileListPaths = (
			);
			outputPaths = (
				"$(DERIVED_FILE_DIR)/Pods-FDJ-ExcerciceTests-checkManifestLockResult.txt",
			);
			runOnlyForDeploymentPostprocessing = 0;
			shellPath = /bin/sh;
			shellScript = "diff \"${PODS_PODFILE_DIR_PATH}/Podfile.lock\" \"${PODS_ROOT}/Manifest.lock\" > /dev/null\nif [ $? != 0 ] ; then\n    # print error to STDERR\n    echo \"error: The sandbox is not in sync with the Podfile.lock. Run 'pod install' or update your CocoaPods installation.\" >&2\n    exit 1\nfi\n# This output is used by Xcode 'outputs' to avoid re-running this script phase.\necho \"SUCCESS\" > \"${SCRIPT_OUTPUT_FILE_0}\"\n";
			showEnvVarsInLog = 0;
		};
		1CCCDE6C0775C693972F8724 /* [CP] Embed Pods Frameworks */ = {
			isa = PBXShellScriptBuildPhase;
			buildActionMask = 2147483647;
			files = (
			);
			inputFileListPaths = (
				"${PODS_ROOT}/Target Support Files/Pods-FDJ-Excercice/Pods-FDJ-Excercice-frameworks-${CONFIGURATION}-input-files.xcfilelist",
			);
			name = "[CP] Embed Pods Frameworks";
			outputFileListPaths = (
				"${PODS_ROOT}/Target Support Files/Pods-FDJ-Excercice/Pods-FDJ-Excercice-frameworks-${CONFIGURATION}-output-files.xcfilelist",
			);
			runOnlyForDeploymentPostprocessing = 0;
			shellPath = /bin/sh;
			shellScript = "\"${PODS_ROOT}/Target Support Files/Pods-FDJ-Excercice/Pods-FDJ-Excercice-frameworks.sh\"\n";
			showEnvVarsInLog = 0;
		};
		3B03EADD2A0E894A0082FC5E /* Run SwiftGen */ = {
			isa = PBXShellScriptBuildPhase;
			buildActionMask = 2147483647;
			files = (
			);
			inputFileListPaths = (
			);
			inputPaths = (
			);
			name = "Run SwiftGen";
			outputFileListPaths = (
			);
			outputPaths = (
			);
			runOnlyForDeploymentPostprocessing = 0;
			shellPath = /bin/sh;
			shellScript = "if [[ -f \"${PODS_ROOT}/SwiftGen/bin/swiftgen\" ]]; then\n  \"${PODS_ROOT}/SwiftGen/bin/swiftgen\"\nelse\n  echo \"warning: SwiftGen is not installed. Run 'pod install --repo-update' to install it.\"\nfi\n";
		};
		AC7856AEDD705D8495F661A2 /* [CP] Check Pods Manifest.lock */ = {
			isa = PBXShellScriptBuildPhase;
			buildActionMask = 2147483647;
			files = (
			);
			inputFileListPaths = (
			);
			inputPaths = (
				"${PODS_PODFILE_DIR_PATH}/Podfile.lock",
				"${PODS_ROOT}/Manifest.lock",
			);
			name = "[CP] Check Pods Manifest.lock";
			outputFileListPaths = (
			);
			outputPaths = (
				"$(DERIVED_FILE_DIR)/Pods-FDJ-Excercice-checkManifestLockResult.txt",
			);
			runOnlyForDeploymentPostprocessing = 0;
			shellPath = /bin/sh;
			shellScript = "diff \"${PODS_PODFILE_DIR_PATH}/Podfile.lock\" \"${PODS_ROOT}/Manifest.lock\" > /dev/null\nif [ $? != 0 ] ; then\n    # print error to STDERR\n    echo \"error: The sandbox is not in sync with the Podfile.lock. Run 'pod install' or update your CocoaPods installation.\" >&2\n    exit 1\nfi\n# This output is used by Xcode 'outputs' to avoid re-running this script phase.\necho \"SUCCESS\" > \"${SCRIPT_OUTPUT_FILE_0}\"\n";
			showEnvVarsInLog = 0;
		};
		B46A934D9B10186F343994B2 /* [CP] Embed Pods Frameworks */ = {
			isa = PBXShellScriptBuildPhase;
			buildActionMask = 2147483647;
			files = (
			);
			inputFileListPaths = (
				"${PODS_ROOT}/Target Support Files/Pods-FDJ-Excercice-FDJ-ExcerciceUITests/Pods-FDJ-Excercice-FDJ-ExcerciceUITests-frameworks-${CONFIGURATION}-input-files.xcfilelist",
			);
			name = "[CP] Embed Pods Frameworks";
			outputFileListPaths = (
				"${PODS_ROOT}/Target Support Files/Pods-FDJ-Excercice-FDJ-ExcerciceUITests/Pods-FDJ-Excercice-FDJ-ExcerciceUITests-frameworks-${CONFIGURATION}-output-files.xcfilelist",
			);
			runOnlyForDeploymentPostprocessing = 0;
			shellPath = /bin/sh;
			shellScript = "\"${PODS_ROOT}/Target Support Files/Pods-FDJ-Excercice-FDJ-ExcerciceUITests/Pods-FDJ-Excercice-FDJ-ExcerciceUITests-frameworks.sh\"\n";
			showEnvVarsInLog = 0;
		};
		C7332273B3C99BC087E91C0C /* [CP] Check Pods Manifest.lock */ = {
			isa = PBXShellScriptBuildPhase;
			buildActionMask = 2147483647;
			files = (
			);
			inputFileListPaths = (
			);
			inputPaths = (
				"${PODS_PODFILE_DIR_PATH}/Podfile.lock",
				"${PODS_ROOT}/Manifest.lock",
			);
			name = "[CP] Check Pods Manifest.lock";
			outputFileListPaths = (
			);
			outputPaths = (
				"$(DERIVED_FILE_DIR)/Pods-FDJ-Excercice-FDJ-ExcerciceUITests-checkManifestLockResult.txt",
			);
			runOnlyForDeploymentPostprocessing = 0;
			shellPath = /bin/sh;
			shellScript = "diff \"${PODS_PODFILE_DIR_PATH}/Podfile.lock\" \"${PODS_ROOT}/Manifest.lock\" > /dev/null\nif [ $? != 0 ] ; then\n    # print error to STDERR\n    echo \"error: The sandbox is not in sync with the Podfile.lock. Run 'pod install' or update your CocoaPods installation.\" >&2\n    exit 1\nfi\n# This output is used by Xcode 'outputs' to avoid re-running this script phase.\necho \"SUCCESS\" > \"${SCRIPT_OUTPUT_FILE_0}\"\n";
			showEnvVarsInLog = 0;
		};
/* End PBXShellScriptBuildPhase section */

/* Begin PBXSourcesBuildPhase section */
		3B745A5E2A0E3CCC00D4C61C /* Sources */ = {
			isa = PBXSourcesBuildPhase;
			buildActionMask = 2147483647;
			files = (
				3B745AB42A0E463E00D4C61C /* RequestInfo.swift in Sources */,
				3B745A9D2A0E435F00D4C61C /* LeagueRepository.swift in Sources */,
				3B745AC42A0E86D600D4C61C /* Strings+Extension.swift in Sources */,
				3B03EAE42A0E8EE70082FC5E /* Strings+Generated.swift in Sources */,
				3B745AA32A0E43D600D4C61C /* SelectorViewModel.swift in Sources */,
				3B745AA02A0E437100D4C61C /* TeamRepository.swift in Sources */,
				3B745A932A0E411300D4C61C /* SelectorView.swift in Sources */,
				3B745AAE2A0E45B800D4C61C /* TeamModel.swift in Sources */,
				3B745A9A2A0E433500D4C61C /* AppNetwork.swift in Sources */,
				3B745AB12A0E460C00D4C61C /* NetworkEnum.swift in Sources */,
				3B745AAB2A0E45B100D4C61C /* LeagueModel.swift in Sources */,
				3B745A662A0E3CCC00D4C61C /* FDJ_ExcerciceApp.swift in Sources */,
			);
			runOnlyForDeploymentPostprocessing = 0;
		};
		3B745A6F2A0E3CCE00D4C61C /* Sources */ = {
			isa = PBXSourcesBuildPhase;
			buildActionMask = 2147483647;
			files = (
				3B745AA42A0E43D600D4C61C /* SelectorViewModel.swift in Sources */,
				3B745A9B2A0E433500D4C61C /* AppNetwork.swift in Sources */,
				3B03EAE52A0E8EE70082FC5E /* Strings+Generated.swift in Sources */,
				3B745AAF2A0E45B800D4C61C /* TeamModel.swift in Sources */,
				3B745AB52A0E463E00D4C61C /* RequestInfo.swift in Sources */,
				3B745AB22A0E460C00D4C61C /* NetworkEnum.swift in Sources */,
				3B745A9E2A0E435F00D4C61C /* LeagueRepository.swift in Sources */,
				3B745AC52A0E86D600D4C61C /* Strings+Extension.swift in Sources */,
				3B745AA12A0E437100D4C61C /* TeamRepository.swift in Sources */,
				3B745A782A0E3CCE00D4C61C /* FDJ_ExcerciceTests.swift in Sources */,
				3B745AAC2A0E45B100D4C61C /* LeagueModel.swift in Sources */,
			);
			runOnlyForDeploymentPostprocessing = 0;
		};
		3B745A792A0E3CCE00D4C61C /* Sources */ = {
			isa = PBXSourcesBuildPhase;
			buildActionMask = 2147483647;
			files = (
				3B745A822A0E3CCE00D4C61C /* FDJ_ExcerciceUITests.swift in Sources */,
				3B745A842A0E3CCE00D4C61C /* FDJ_ExcerciceUITestsLaunchTests.swift in Sources */,
			);
			runOnlyForDeploymentPostprocessing = 0;
		};
/* End PBXSourcesBuildPhase section */

/* Begin PBXTargetDependency section */
		3B745A752A0E3CCE00D4C61C /* PBXTargetDependency */ = {
			isa = PBXTargetDependency;
			target = 3B745A612A0E3CCC00D4C61C /* FDJ-Excercice */;
			targetProxy = 3B745A742A0E3CCE00D4C61C /* PBXContainerItemProxy */;
		};
		3B745A7F2A0E3CCE00D4C61C /* PBXTargetDependency */ = {
			isa = PBXTargetDependency;
			target = 3B745A612A0E3CCC00D4C61C /* FDJ-Excercice */;
			targetProxy = 3B745A7E2A0E3CCE00D4C61C /* PBXContainerItemProxy */;
		};
/* End PBXTargetDependency section */

/* Begin PBXVariantGroup section */
		3B03EAE12A0E8E080082FC5E /* Localizable.strings */ = {
			isa = PBXVariantGroup;
			children = (
				3B03EAE02A0E8E080082FC5E /* en */,
			);
			name = Localizable.strings;
			sourceTree = "<group>";
		};
/* End PBXVariantGroup section */

/* Begin XCBuildConfiguration section */
		3B745A852A0E3CCE00D4C61C /* Debug */ = {
			isa = XCBuildConfiguration;
			buildSettings = {
				ALWAYS_SEARCH_USER_PATHS = NO;
				CLANG_ANALYZER_LOCALIZABILITY_NONLOCALIZED = YES;
				CLANG_ANALYZER_NONNULL = YES;
				CLANG_ANALYZER_NUMBER_OBJECT_CONVERSION = YES_AGGRESSIVE;
				CLANG_CXX_LANGUAGE_STANDARD = "gnu++20";
				CLANG_ENABLE_MODULES = YES;
				CLANG_ENABLE_OBJC_ARC = YES;
				CLANG_ENABLE_OBJC_WEAK = YES;
				CLANG_WARN_BLOCK_CAPTURE_AUTORELEASING = YES;
				CLANG_WARN_BOOL_CONVERSION = YES;
				CLANG_WARN_COMMA = YES;
				CLANG_WARN_CONSTANT_CONVERSION = YES;
				CLANG_WARN_DEPRECATED_OBJC_IMPLEMENTATIONS = YES;
				CLANG_WARN_DIRECT_OBJC_ISA_USAGE = YES_ERROR;
				CLANG_WARN_DOCUMENTATION_COMMENTS = YES;
				CLANG_WARN_EMPTY_BODY = YES;
				CLANG_WARN_ENUM_CONVERSION = YES;
				CLANG_WARN_INFINITE_RECURSION = YES;
				CLANG_WARN_INT_CONVERSION = YES;
				CLANG_WARN_NON_LITERAL_NULL_CONVERSION = YES;
				CLANG_WARN_OBJC_IMPLICIT_RETAIN_SELF = YES;
				CLANG_WARN_OBJC_LITERAL_CONVERSION = YES;
				CLANG_WARN_OBJC_ROOT_CLASS = YES_ERROR;
				CLANG_WARN_QUOTED_INCLUDE_IN_FRAMEWORK_HEADER = YES;
				CLANG_WARN_RANGE_LOOP_ANALYSIS = YES;
				CLANG_WARN_STRICT_PROTOTYPES = YES;
				CLANG_WARN_SUSPICIOUS_MOVE = YES;
				CLANG_WARN_UNGUARDED_AVAILABILITY = YES_AGGRESSIVE;
				CLANG_WARN_UNREACHABLE_CODE = YES;
				CLANG_WARN__DUPLICATE_METHOD_MATCH = YES;
				COPY_PHASE_STRIP = NO;
				DEBUG_INFORMATION_FORMAT = dwarf;
				ENABLE_STRICT_OBJC_MSGSEND = YES;
				ENABLE_TESTABILITY = YES;
				GCC_C_LANGUAGE_STANDARD = gnu11;
				GCC_DYNAMIC_NO_PIC = NO;
				GCC_NO_COMMON_BLOCKS = YES;
				GCC_OPTIMIZATION_LEVEL = 0;
				GCC_PREPROCESSOR_DEFINITIONS = (
					"DEBUG=1",
					"$(inherited)",
				);
				GCC_WARN_64_TO_32_BIT_CONVERSION = YES;
				GCC_WARN_ABOUT_RETURN_TYPE = YES_ERROR;
				GCC_WARN_UNDECLARED_SELECTOR = YES;
				GCC_WARN_UNINITIALIZED_AUTOS = YES_AGGRESSIVE;
				GCC_WARN_UNUSED_FUNCTION = YES;
				GCC_WARN_UNUSED_VARIABLE = YES;
				MTL_ENABLE_DEBUG_INFO = INCLUDE_SOURCE;
				MTL_FAST_MATH = YES;
				ONLY_ACTIVE_ARCH = YES;
				SWIFT_ACTIVE_COMPILATION_CONDITIONS = DEBUG;
				SWIFT_OPTIMIZATION_LEVEL = "-Onone";
			};
			name = Debug;
		};
		3B745A862A0E3CCE00D4C61C /* Release */ = {
			isa = XCBuildConfiguration;
			buildSettings = {
				ALWAYS_SEARCH_USER_PATHS = NO;
				CLANG_ANALYZER_LOCALIZABILITY_NONLOCALIZED = YES;
				CLANG_ANALYZER_NONNULL = YES;
				CLANG_ANALYZER_NUMBER_OBJECT_CONVERSION = YES_AGGRESSIVE;
				CLANG_CXX_LANGUAGE_STANDARD = "gnu++20";
				CLANG_ENABLE_MODULES = YES;
				CLANG_ENABLE_OBJC_ARC = YES;
				CLANG_ENABLE_OBJC_WEAK = YES;
				CLANG_WARN_BLOCK_CAPTURE_AUTORELEASING = YES;
				CLANG_WARN_BOOL_CONVERSION = YES;
				CLANG_WARN_COMMA = YES;
				CLANG_WARN_CONSTANT_CONVERSION = YES;
				CLANG_WARN_DEPRECATED_OBJC_IMPLEMENTATIONS = YES;
				CLANG_WARN_DIRECT_OBJC_ISA_USAGE = YES_ERROR;
				CLANG_WARN_DOCUMENTATION_COMMENTS = YES;
				CLANG_WARN_EMPTY_BODY = YES;
				CLANG_WARN_ENUM_CONVERSION = YES;
				CLANG_WARN_INFINITE_RECURSION = YES;
				CLANG_WARN_INT_CONVERSION = YES;
				CLANG_WARN_NON_LITERAL_NULL_CONVERSION = YES;
				CLANG_WARN_OBJC_IMPLICIT_RETAIN_SELF = YES;
				CLANG_WARN_OBJC_LITERAL_CONVERSION = YES;
				CLANG_WARN_OBJC_ROOT_CLASS = YES_ERROR;
				CLANG_WARN_QUOTED_INCLUDE_IN_FRAMEWORK_HEADER = YES;
				CLANG_WARN_RANGE_LOOP_ANALYSIS = YES;
				CLANG_WARN_STRICT_PROTOTYPES = YES;
				CLANG_WARN_SUSPICIOUS_MOVE = YES;
				CLANG_WARN_UNGUARDED_AVAILABILITY = YES_AGGRESSIVE;
				CLANG_WARN_UNREACHABLE_CODE = YES;
				CLANG_WARN__DUPLICATE_METHOD_MATCH = YES;
				COPY_PHASE_STRIP = NO;
				DEBUG_INFORMATION_FORMAT = "dwarf-with-dsym";
				ENABLE_NS_ASSERTIONS = NO;
				ENABLE_STRICT_OBJC_MSGSEND = YES;
				GCC_C_LANGUAGE_STANDARD = gnu11;
				GCC_NO_COMMON_BLOCKS = YES;
				GCC_WARN_64_TO_32_BIT_CONVERSION = YES;
				GCC_WARN_ABOUT_RETURN_TYPE = YES_ERROR;
				GCC_WARN_UNDECLARED_SELECTOR = YES;
				GCC_WARN_UNINITIALIZED_AUTOS = YES_AGGRESSIVE;
				GCC_WARN_UNUSED_FUNCTION = YES;
				GCC_WARN_UNUSED_VARIABLE = YES;
				MTL_ENABLE_DEBUG_INFO = NO;
				MTL_FAST_MATH = YES;
				SWIFT_COMPILATION_MODE = wholemodule;
				SWIFT_OPTIMIZATION_LEVEL = "-O";
			};
			name = Release;
		};
		3B745A882A0E3CCE00D4C61C /* Debug */ = {
			isa = XCBuildConfiguration;
			baseConfigurationReference = 05645261DCC5B8D5CDAB8298 /* Pods-FDJ-Excercice.debug.xcconfig */;
			buildSettings = {
				ASSETCATALOG_COMPILER_APPICON_NAME = AppIcon;
				ASSETCATALOG_COMPILER_GLOBAL_ACCENT_COLOR_NAME = AccentColor;
				CODE_SIGN_ENTITLEMENTS = "FDJ-Excercice/Configuration/FDJ_Excercice.entitlements";
				CODE_SIGN_STYLE = Automatic;
				CURRENT_PROJECT_VERSION = 1;
				DEVELOPMENT_ASSET_PATHS = "\"FDJ-Excercice/Configuration/Preview Content\"";
				ENABLE_PREVIEWS = YES;
				GENERATE_INFOPLIST_FILE = YES;
				"INFOPLIST_KEY_UIApplicationSceneManifest_Generation[sdk=iphoneos*]" = YES;
				"INFOPLIST_KEY_UIApplicationSceneManifest_Generation[sdk=iphonesimulator*]" = YES;
				"INFOPLIST_KEY_UIApplicationSupportsIndirectInputEvents[sdk=iphoneos*]" = YES;
				"INFOPLIST_KEY_UIApplicationSupportsIndirectInputEvents[sdk=iphonesimulator*]" = YES;
				"INFOPLIST_KEY_UILaunchScreen_Generation[sdk=iphoneos*]" = YES;
				"INFOPLIST_KEY_UILaunchScreen_Generation[sdk=iphonesimulator*]" = YES;
				"INFOPLIST_KEY_UIStatusBarStyle[sdk=iphoneos*]" = UIStatusBarStyleDefault;
				"INFOPLIST_KEY_UIStatusBarStyle[sdk=iphonesimulator*]" = UIStatusBarStyleDefault;
				INFOPLIST_KEY_UISupportedInterfaceOrientations = UIInterfaceOrientationPortrait;
				IPHONEOS_DEPLOYMENT_TARGET = 16.2;
				LD_RUNPATH_SEARCH_PATHS = "@executable_path/Frameworks";
				"LD_RUNPATH_SEARCH_PATHS[sdk=macosx*]" = "@executable_path/../Frameworks";
				MACOSX_DEPLOYMENT_TARGET = 12.6;
				MARKETING_VERSION = 1.0;
				PRODUCT_BUNDLE_IDENTIFIER = "com.perso.FDJ-Excercice";
				PRODUCT_NAME = "$(TARGET_NAME)";
				SDKROOT = auto;
				SUPPORTED_PLATFORMS = "iphoneos iphonesimulator";
				SUPPORTS_MACCATALYST = NO;
				SUPPORTS_MAC_DESIGNED_FOR_IPHONE_IPAD = NO;
				SWIFT_EMIT_LOC_STRINGS = YES;
				SWIFT_VERSION = 5.0;
				TARGETED_DEVICE_FAMILY = 1;
			};
			name = Debug;
		};
		3B745A892A0E3CCE00D4C61C /* Release */ = {
			isa = XCBuildConfiguration;
			baseConfigurationReference = 8E2BB398BCC9D0769A24AC0B /* Pods-FDJ-Excercice.release.xcconfig */;
			buildSettings = {
				ASSETCATALOG_COMPILER_APPICON_NAME = AppIcon;
				ASSETCATALOG_COMPILER_GLOBAL_ACCENT_COLOR_NAME = AccentColor;
				CODE_SIGN_ENTITLEMENTS = "FDJ-Excercice/Configuration/FDJ_Excercice.entitlements";
				CODE_SIGN_STYLE = Automatic;
				CURRENT_PROJECT_VERSION = 1;
				DEVELOPMENT_ASSET_PATHS = "\"FDJ-Excercice/Configuration/Preview Content\"";
				ENABLE_PREVIEWS = YES;
				GENERATE_INFOPLIST_FILE = YES;
				"INFOPLIST_KEY_UIApplicationSceneManifest_Generation[sdk=iphoneos*]" = YES;
				"INFOPLIST_KEY_UIApplicationSceneManifest_Generation[sdk=iphonesimulator*]" = YES;
				"INFOPLIST_KEY_UIApplicationSupportsIndirectInputEvents[sdk=iphoneos*]" = YES;
				"INFOPLIST_KEY_UIApplicationSupportsIndirectInputEvents[sdk=iphonesimulator*]" = YES;
				"INFOPLIST_KEY_UILaunchScreen_Generation[sdk=iphoneos*]" = YES;
				"INFOPLIST_KEY_UILaunchScreen_Generation[sdk=iphonesimulator*]" = YES;
				"INFOPLIST_KEY_UIStatusBarStyle[sdk=iphoneos*]" = UIStatusBarStyleDefault;
				"INFOPLIST_KEY_UIStatusBarStyle[sdk=iphonesimulator*]" = UIStatusBarStyleDefault;
				INFOPLIST_KEY_UISupportedInterfaceOrientations = UIInterfaceOrientationPortrait;
				IPHONEOS_DEPLOYMENT_TARGET = 16.2;
				LD_RUNPATH_SEARCH_PATHS = "@executable_path/Frameworks";
				"LD_RUNPATH_SEARCH_PATHS[sdk=macosx*]" = "@executable_path/../Frameworks";
				MACOSX_DEPLOYMENT_TARGET = 12.6;
				MARKETING_VERSION = 1.0;
				PRODUCT_BUNDLE_IDENTIFIER = "com.perso.FDJ-Excercice";
				PRODUCT_NAME = "$(TARGET_NAME)";
				SDKROOT = auto;
				SUPPORTED_PLATFORMS = "iphoneos iphonesimulator";
				SUPPORTS_MACCATALYST = NO;
				SUPPORTS_MAC_DESIGNED_FOR_IPHONE_IPAD = NO;
				SWIFT_EMIT_LOC_STRINGS = YES;
				SWIFT_VERSION = 5.0;
				TARGETED_DEVICE_FAMILY = 1;
			};
			name = Release;
		};
		3B745A8B2A0E3CCE00D4C61C /* Debug */ = {
			isa = XCBuildConfiguration;
			baseConfigurationReference = EA9C2E65DAACEC044A67D8C3 /* Pods-FDJ-ExcerciceTests.debug.xcconfig */;
			buildSettings = {
				ALWAYS_EMBED_SWIFT_STANDARD_LIBRARIES = YES;
				BUNDLE_LOADER = "$(TEST_HOST)";
				CODE_SIGN_STYLE = Automatic;
				CURRENT_PROJECT_VERSION = 1;
				GENERATE_INFOPLIST_FILE = YES;
				IPHONEOS_DEPLOYMENT_TARGET = 16.2;
				MACOSX_DEPLOYMENT_TARGET = 12.6;
				MARKETING_VERSION = 1.0;
				PRODUCT_BUNDLE_IDENTIFIER = "com.perso.FDJ-ExcerciceTests";
				PRODUCT_NAME = "$(TARGET_NAME)";
				SDKROOT = auto;
				SUPPORTED_PLATFORMS = "iphoneos iphonesimulator macosx";
				SWIFT_EMIT_LOC_STRINGS = NO;
				SWIFT_VERSION = 5.0;
				TARGETED_DEVICE_FAMILY = "1,2";
				TEST_HOST = "$(BUILT_PRODUCTS_DIR)/FDJ-Excercice.app/$(BUNDLE_EXECUTABLE_FOLDER_PATH)/FDJ-Excercice";
			};
			name = Debug;
		};
		3B745A8C2A0E3CCE00D4C61C /* Release */ = {
			isa = XCBuildConfiguration;
			baseConfigurationReference = DEEF60417ECA6128EC5BF268 /* Pods-FDJ-ExcerciceTests.release.xcconfig */;
			buildSettings = {
				ALWAYS_EMBED_SWIFT_STANDARD_LIBRARIES = YES;
				BUNDLE_LOADER = "$(TEST_HOST)";
				CODE_SIGN_STYLE = Automatic;
				CURRENT_PROJECT_VERSION = 1;
				GENERATE_INFOPLIST_FILE = YES;
				IPHONEOS_DEPLOYMENT_TARGET = 16.2;
				MACOSX_DEPLOYMENT_TARGET = 12.6;
				MARKETING_VERSION = 1.0;
				PRODUCT_BUNDLE_IDENTIFIER = "com.perso.FDJ-ExcerciceTests";
				PRODUCT_NAME = "$(TARGET_NAME)";
				SDKROOT = auto;
				SUPPORTED_PLATFORMS = "iphoneos iphonesimulator macosx";
				SWIFT_EMIT_LOC_STRINGS = NO;
				SWIFT_VERSION = 5.0;
				TARGETED_DEVICE_FAMILY = "1,2";
				TEST_HOST = "$(BUILT_PRODUCTS_DIR)/FDJ-Excercice.app/$(BUNDLE_EXECUTABLE_FOLDER_PATH)/FDJ-Excercice";
			};
			name = Release;
		};
		3B745A8E2A0E3CCE00D4C61C /* Debug */ = {
			isa = XCBuildConfiguration;
			baseConfigurationReference = A9102A0834ABCF0B792E4999 /* Pods-FDJ-Excercice-FDJ-ExcerciceUITests.debug.xcconfig */;
			buildSettings = {
				ALWAYS_EMBED_SWIFT_STANDARD_LIBRARIES = YES;
				CODE_SIGN_STYLE = Automatic;
				CURRENT_PROJECT_VERSION = 1;
				GENERATE_INFOPLIST_FILE = YES;
				IPHONEOS_DEPLOYMENT_TARGET = 16.2;
				MACOSX_DEPLOYMENT_TARGET = 12.6;
				MARKETING_VERSION = 1.0;
				PRODUCT_BUNDLE_IDENTIFIER = "com.perso.FDJ-ExcerciceUITests";
				PRODUCT_NAME = "$(TARGET_NAME)";
				SDKROOT = auto;
				SUPPORTED_PLATFORMS = "iphoneos iphonesimulator macosx";
				SWIFT_EMIT_LOC_STRINGS = NO;
				SWIFT_VERSION = 5.0;
				TARGETED_DEVICE_FAMILY = "1,2";
				TEST_TARGET_NAME = "FDJ-Excercice";
			};
			name = Debug;
		};
		3B745A8F2A0E3CCE00D4C61C /* Release */ = {
			isa = XCBuildConfiguration;
			baseConfigurationReference = FAE2EFB9B9C26C687498C895 /* Pods-FDJ-Excercice-FDJ-ExcerciceUITests.release.xcconfig */;
			buildSettings = {
				ALWAYS_EMBED_SWIFT_STANDARD_LIBRARIES = YES;
				CODE_SIGN_STYLE = Automatic;
				CURRENT_PROJECT_VERSION = 1;
				GENERATE_INFOPLIST_FILE = YES;
				IPHONEOS_DEPLOYMENT_TARGET = 16.2;
				MACOSX_DEPLOYMENT_TARGET = 12.6;
				MARKETING_VERSION = 1.0;
				PRODUCT_BUNDLE_IDENTIFIER = "com.perso.FDJ-ExcerciceUITests";
				PRODUCT_NAME = "$(TARGET_NAME)";
				SDKROOT = auto;
				SUPPORTED_PLATFORMS = "iphoneos iphonesimulator macosx";
				SWIFT_EMIT_LOC_STRINGS = NO;
				SWIFT_VERSION = 5.0;
				TARGETED_DEVICE_FAMILY = "1,2";
				TEST_TARGET_NAME = "FDJ-Excercice";
			};
			name = Release;
		};
/* End XCBuildConfiguration section */

/* Begin XCConfigurationList section */
		3B745A5D2A0E3CCC00D4C61C /* Build configuration list for PBXProject "FDJ-Excercice" */ = {
			isa = XCConfigurationList;
			buildConfigurations = (
				3B745A852A0E3CCE00D4C61C /* Debug */,
				3B745A862A0E3CCE00D4C61C /* Release */,
			);
			defaultConfigurationIsVisible = 0;
			defaultConfigurationName = Release;
		};
		3B745A872A0E3CCE00D4C61C /* Build configuration list for PBXNativeTarget "FDJ-Excercice" */ = {
			isa = XCConfigurationList;
			buildConfigurations = (
				3B745A882A0E3CCE00D4C61C /* Debug */,
				3B745A892A0E3CCE00D4C61C /* Release */,
			);
			defaultConfigurationIsVisible = 0;
			defaultConfigurationName = Release;
		};
		3B745A8A2A0E3CCE00D4C61C /* Build configuration list for PBXNativeTarget "FDJ-ExcerciceTests" */ = {
			isa = XCConfigurationList;
			buildConfigurations = (
				3B745A8B2A0E3CCE00D4C61C /* Debug */,
				3B745A8C2A0E3CCE00D4C61C /* Release */,
			);
			defaultConfigurationIsVisible = 0;
			defaultConfigurationName = Release;
		};
		3B745A8D2A0E3CCE00D4C61C /* Build configuration list for PBXNativeTarget "FDJ-ExcerciceUITests" */ = {
			isa = XCConfigurationList;
			buildConfigurations = (
				3B745A8E2A0E3CCE00D4C61C /* Debug */,
				3B745A8F2A0E3CCE00D4C61C /* Release */,
			);
			defaultConfigurationIsVisible = 0;
			defaultConfigurationName = Release;
		};
/* End XCConfigurationList section */
	};
	rootObject = 3B745A5A2A0E3CCC00D4C61C /* Project object */;
}
